// !$*UTF8*$!
{
	archiveVersion = 1;
	classes = {
	};
	objectVersion = 46;
	objects = {

/* Begin PBXBuildFile section */
		3DD1357B1CBB90890082BA6F /* main.m in Sources */ = {isa = PBXBuildFile; fileRef = 3DD1357A1CBB90890082BA6F /* main.m */; };
		3DD1357E1CBB90890082BA6F /* AppDelegate.m in Sources */ = {isa = PBXBuildFile; fileRef = 3DD1357D1CBB90890082BA6F /* AppDelegate.m */; };
		3DD135811CBB90890082BA6F /* ViewController.m in Sources */ = {isa = PBXBuildFile; fileRef = 3DD135801CBB90890082BA6F /* ViewController.m */; };
		3DD135841CBB90890082BA6F /* Main.storyboard in Resources */ = {isa = PBXBuildFile; fileRef = 3DD135821CBB90890082BA6F /* Main.storyboard */; };
		3DD135861CBB90890082BA6F /* Assets.xcassets in Resources */ = {isa = PBXBuildFile; fileRef = 3DD135851CBB90890082BA6F /* Assets.xcassets */; };
		3DD135891CBB90890082BA6F /* LaunchScreen.storyboard in Resources */ = {isa = PBXBuildFile; fileRef = 3DD135871CBB90890082BA6F /* LaunchScreen.storyboard */; };
		3DD135921CBB90AA0082BA6F /* LoginViewController.m in Sources */ = {isa = PBXBuildFile; fileRef = 3DD135911CBB90AA0082BA6F /* LoginViewController.m */; };
/* End PBXBuildFile section */

/* Begin PBXFileReference section */
		3DD135761CBB90890082BA6F /* LoginModule.app */ = {isa = PBXFileReference; explicitFileType = wrapper.application; includeInIndex = 0; path = LoginModule.app; sourceTree = BUILT_PRODUCTS_DIR; };
		3DD1357A1CBB90890082BA6F /* main.m */ = {isa = PBXFileReference; lastKnownFileType = sourcecode.c.objc; path = main.m; sourceTree = "<group>"; };
		3DD1357C1CBB90890082BA6F /* AppDelegate.h */ = {isa = PBXFileReference; lastKnownFileType = sourcecode.c.h; path = AppDelegate.h; sourceTree = "<group>"; };
		3DD1357D1CBB90890082BA6F /* AppDelegate.m */ = {isa = PBXFileReference; lastKnownFileType = sourcecode.c.objc; path = AppDelegate.m; sourceTree = "<group>"; };
		3DD1357F1CBB90890082BA6F /* ViewController.h */ = {isa = PBXFileReference; lastKnownFileType = sourcecode.c.h; path = ViewController.h; sourceTree = "<group>"; };
		3DD135801CBB90890082BA6F /* ViewController.m */ = {isa = PBXFileReference; lastKnownFileType = sourcecode.c.objc; path = ViewController.m; sourceTree = "<group>"; };
		3DD135831CBB90890082BA6F /* Base */ = {isa = PBXFileReference; lastKnownFileType = file.storyboard; name = Base; path = Base.lproj/Main.storyboard; sourceTree = "<group>"; };
		3DD135851CBB90890082BA6F /* Assets.xcassets */ = {isa = PBXFileReference; lastKnownFileType = folder.assetcatalog; path = Assets.xcassets; sourceTree = "<group>"; };
		3DD135881CBB90890082BA6F /* Base */ = {isa = PBXFileReference; lastKnownFileType = file.storyboard; name = Base; path = Base.lproj/LaunchScreen.storyboard; sourceTree = "<group>"; };
		3DD1358A1CBB90890082BA6F /* Info.plist */ = {isa = PBXFileReference; lastKnownFileType = text.plist.xml; path = Info.plist; sourceTree = "<group>"; };
		3DD135901CBB90AA0082BA6F /* LoginViewController.h */ = {isa = PBXFileReference; fileEncoding = 4; lastKnownFileType = sourcecode.c.h; path = LoginViewController.h; sourceTree = "<group>"; };
		3DD135911CBB90AA0082BA6F /* LoginViewController.m */ = {isa = PBXFileReference; fileEncoding = 4; lastKnownFileType = sourcecode.c.objc; path = LoginViewController.m; sourceTree = "<group>"; };
/* End PBXFileReference section */

/* Begin PBXFrameworksBuildPhase section */
		3DD135731CBB90890082BA6F /* Frameworks */ = {
			isa = PBXFrameworksBuildPhase;
			buildActionMask = 2147483647;
			files = (
			);
			runOnlyForDeploymentPostprocessing = 0;
		};
/* End PBXFrameworksBuildPhase section */

/* Begin PBXGroup section */
		3DD1356D1CBB90890082BA6F = {
			isa = PBXGroup;
			children = (
				3DD135781CBB90890082BA6F /* LoginModule */,
				3DD135771CBB90890082BA6F /* Products */,
			);
			sourceTree = "<group>";
		};
		3DD135771CBB90890082BA6F /* Products */ = {
			isa = PBXGroup;
			children = (
				3DD135761CBB90890082BA6F /* LoginModule.app */,
			);
			name = Products;
			sourceTree = "<group>";
		};
		3DD135781CBB90890082BA6F /* LoginModule */ = {
			isa = PBXGroup;
			children = (
				3DD1357C1CBB90890082BA6F /* AppDelegate.h */,
				3DD1357D1CBB90890082BA6F /* AppDelegate.m */,
				3DD1357F1CBB90890082BA6F /* ViewController.h */,
				3DD135801CBB90890082BA6F /* ViewController.m */,
				3DD135821CBB90890082BA6F /* Main.storyboard */,
				3DD135851CBB90890082BA6F /* Assets.xcassets */,
				3DD135871CBB90890082BA6F /* LaunchScreen.storyboard */,
				3DD1358A1CBB90890082BA6F /* Info.plist */,
				3DD135791CBB90890082BA6F /* Supporting Files */,
				3DD135901CBB90AA0082BA6F /* LoginViewController.h */,
				3DD135911CBB90AA0082BA6F /* LoginViewController.m */,
			);
			path = LoginModule;
			sourceTree = "<group>";
		};
		3DD135791CBB90890082BA6F /* Supporting Files */ = {
			isa = PBXGroup;
			children = (
				3DD1357A1CBB90890082BA6F /* main.m */,
			);
			name = "Supporting Files";
			sourceTree = "<group>";
		};
/* End PBXGroup section */

/* Begin PBXNativeTarget section */
		3DD135751CBB90890082BA6F /* LoginModule */ = {
			isa = PBXNativeTarget;
			buildConfigurationList = 3DD1358D1CBB90890082BA6F /* Build configuration list for PBXNativeTarget "LoginModule" */;
			buildPhases = (
				3DD135721CBB90890082BA6F /* Sources */,
				3DD135731CBB90890082BA6F /* Frameworks */,
				3DD135741CBB90890082BA6F /* Resources */,
			);
			buildRules = (
			);
			dependencies = (
			);
			name = LoginModule;
			productName = LoginModule;
			productReference = 3DD135761CBB90890082BA6F /* LoginModule.app */;
			productType = "com.apple.product-type.application";
		};
/* End PBXNativeTarget section */

/* Begin PBXProject section */
		3DD1356E1CBB90890082BA6F /* Project object */ = {
			isa = PBXProject;
			attributes = {
				LastUpgradeCheck = 0730;
				ORGANIZATIONNAME = czwen;
				TargetAttributes = {
					3DD135751CBB90890082BA6F = {
						CreatedOnToolsVersion = 7.3;
					};
				};
			};
			buildConfigurationList = 3DD135711CBB90890082BA6F /* Build configuration list for PBXProject "LoginModule" */;
			compatibilityVersion = "Xcode 3.2";
			developmentRegion = English;
			hasScannedForEncodings = 0;
			knownRegions = (
				en,
				Base,
			);
			mainGroup = 3DD1356D1CBB90890082BA6F;
			productRefGroup = 3DD135771CBB90890082BA6F /* Products */;
			projectDirPath = "";
			projectRoot = "";
			targets = (
				3DD135751CBB90890082BA6F /* LoginModule */,
			);
		};
/* End PBXProject section */

/* Begin PBXResourcesBuildPhase section */
		3DD135741CBB90890082BA6F /* Resources */ = {
			isa = PBXResourcesBuildPhase;
			buildActionMask = 2147483647;
			files = (
				3DD135891CBB90890082BA6F /* LaunchScreen.storyboard in Resources */,
				3DD135861CBB90890082BA6F /* Assets.xcassets in Resources */,
				3DD135841CBB90890082BA6F /* Main.storyboard in Resources */,
			);
			runOnlyForDeploymentPostprocessing = 0;
		};
/* End PBXResourcesBuildPhase section */

/* Begin PBXSourcesBuildPhase section */
		3DD135721CBB90890082BA6F /* Sources */ = {
			isa = PBXSourcesBuildPhase;
			buildActionMask = 2147483647;
			files = (
				3DD135921CBB90AA0082BA6F /* LoginViewController.m in Sources */,
				3DD135811CBB90890082BA6F /* ViewController.m in Sources */,
				3DD1357E1CBB90890082BA6F /* AppDelegate.m in Sources */,
				3DD1357B1CBB90890082BA6F /* main.m in Sources */,
			);
			runOnlyForDeploymentPostprocessing = 0;
		};
/* End PBXSourcesBuildPhase section */

/* Begin PBXVariantGroup section */
		3DD135821CBB90890082BA6F /* Main.storyboard */ = {
			isa = PBXVariantGroup;
			children = (
				3DD135831CBB90890082BA6F /* Base */,
			);
			name = Main.storyboard;
			sourceTree = "<group>";
		};
		3DD135871CBB90890082BA6F /* LaunchScreen.storyboard */ = {
			isa = PBXVariantGroup;
			children = (
				3DD135881CBB90890082BA6F /* Base */,
			);
			name = LaunchScreen.storyboard;
			sourceTree = "<group>";
		};
/* End PBXVariantGroup section */

/* Begin XCBuildConfiguration section */
		3DD1358B1CBB90890082BA6F /* Debug */ = {
			isa = XCBuildConfiguration;
			buildSettings = {
				ALWAYS_SEARCH_USER_PATHS = NO;
				CLANG_ANALYZER_NONNULL = YES;
				CLANG_CXX_LANGUAGE_STANDARD = "gnu++0x";
				CLANG_CXX_LIBRARY = "libc++";
				CLANG_ENABLE_MODULES = YES;
				CLANG_ENABLE_OBJC_ARC = YES;
				CLANG_WARN_BOOL_CONVERSION = YES;
				CLANG_WARN_CONSTANT_CONVERSION = YES;
				CLANG_WARN_DIRECT_OBJC_ISA_USAGE = YES_ERROR;
				CLANG_WARN_EMPTY_BODY = YES;
				CLANG_WARN_ENUM_CONVERSION = YES;
				CLANG_WARN_INT_CONVERSION = YES;
				CLANG_WARN_OBJC_ROOT_CLASS = YES_ERROR;
				CLANG_WARN_UNREACHABLE_CODE = YES;
				CLANG_WARN__DUPLICATE_METHOD_MATCH = YES;
				"CODE_SIGN_IDENTITY[sdk=iphoneos*]" = "iPhone Developer";
				COPY_PHASE_STRIP = NO;
				DEBUG_INFORMATION_FORMAT = dwarf;
				ENABLE_STRICT_OBJC_MSGSEND = YES;
				ENABLE_TESTABILITY = YES;
				GCC_C_LANGUAGE_STANDARD = gnu99;
				GCC_DYNAMIC_NO_PIC = NO;
				GCC_NO_COMMON_BLOCKS = YES;
				GCC_OPTIMIZATION_LEVEL = 0;
				GCC_PREPROCESSOR_DEFINITIONS = (
					"DEBUG=1",
					"$(inherited)",
				);
				GCC_WARN_64_TO_32_BIT_CONVERSION = YES;
				GCC_WARN_ABOUT_RETURN_TYPE = YES_ERROR;
				GCC_WARN_UNDECLARED_SELECTOR = YES;
				GCC_WARN_UNINITIALIZED_AUTOS = YES_AGGRESSIVE;
				GCC_WARN_UNUSED_FUNCTION = YES;
				GCC_WARN_UNUSED_VARIABLE = YES;
				IPHONEOS_DEPLOYMENT_TARGET = 9.3;
				MTL_ENABLE_DEBUG_INFO = YES;
				ONLY_ACTIVE_ARCH = YES;
				SDKROOT = iphoneos;
				TARGETED_DEVICE_FAMILY = "1,2";
			};
			name = Debug;
		};
		3DD1358C1CBB90890082BA6F /* Release */ = {
			isa = XCBuildConfiguration;
			buildSettings = {
				ALWAYS_SEARCH_USER_PATHS = NO;
				CLANG_ANALYZER_NONNULL = YES;
				CLANG_CXX_LANGUAGE_STANDARD = "gnu++0x";
				CLANG_CXX_LIBRARY = "libc++";
				CLANG_ENABLE_MODULES = YES;
				CLANG_ENABLE_OBJC_ARC = YES;
				CLANG_WARN_BOOL_CONVERSION = YES;
				CLANG_WARN_CONSTANT_CONVERSION = YES;
				CLANG_WARN_DIRECT_OBJC_ISA_USAGE = YES_ERROR;
				CLANG_WARN_EMPTY_BODY = YES;
				CLANG_WARN_ENUM_CONVERSION = YES;
				CLANG_WARN_INT_CONVERSION = YES;
				CLANG_WARN_OBJC_ROOT_CLASS = YES_ERROR;
				CLANG_WARN_UNREACHABLE_CODE = YES;
				CLANG_WARN__DUPLICATE_METHOD_MATCH = YES;
				"CODE_SIGN_IDENTITY[sdk=iphoneos*]" = "iPhone Developer";
				COPY_PHASE_STRIP = NO;
				DEBUG_INFORMATION_FORMAT = "dwarf-with-dsym";
				ENABLE_NS_ASSERTIONS = NO;
				ENABLE_STRICT_OBJC_MSGSEND = YES;
				GCC_C_LANGUAGE_STANDARD = gnu99;
				GCC_NO_COMMON_BLOCKS = YES;
				GCC_WARN_64_TO_32_BIT_CONVERSION = YES;
				GCC_WARN_ABOUT_RETURN_TYPE = YES_ERROR;
				GCC_WARN_UNDECLARED_SELECTOR = YES;
				GCC_WARN_UNINITIALIZED_AUTOS = YES_AGGRESSIVE;
				GCC_WARN_UNUSED_FUNCTION = YES;
				GCC_WARN_UNUSED_VARIABLE = YES;
				IPHONEOS_DEPLOYMENT_TARGET = 9.3;
				MTL_ENABLE_DEBUG_INFO = NO;
				SDKROOT = iphoneos;
				TARGETED_DEVICE_FAMILY = "1,2";
				VALIDATE_PRODUCT = YES;
			};
			name = Release;
		};
		3DD1358E1CBB90890082BA6F /* Debug */ = {
			isa = XCBuildConfiguration;
			buildSettings = {
				ASSETCATALOG_COMPILER_APPICON_NAME = AppIcon;
				INFOPLIST_FILE = LoginModule/Info.plist;
				LD_RUNPATH_SEARCH_PATHS = "$(inherited) @executable_path/Frameworks";
				PRODUCT_BUNDLE_IDENTIFIER = io.czwen.LoginModule;
				PRODUCT_NAME = "$(TARGET_NAME)";
			};
			name = Debug;
		};
		3DD1358F1CBB90890082BA6F /* Release */ = {
			isa = XCBuildConfiguration;
			buildSettings = {
				ASSETCATALOG_COMPILER_APPICON_NAME = AppIcon;
				INFOPLIST_FILE = LoginModule/Info.plist;
				LD_RUNPATH_SEARCH_PATHS = "$(inherited) @executable_path/Frameworks";
				PRODUCT_BUNDLE_IDENTIFIER = io.czwen.LoginModule;
				PRODUCT_NAME = "$(TARGET_NAME)";
			};
			name = Release;
		};
/* End XCBuildConfiguration section */

/* Begin XCConfigurationList section */
		3DD135711CBB90890082BA6F /* Build configuration list for PBXProject "LoginModule" */ = {
			isa = XCConfigurationList;
			buildConfigurations = (
				3DD1358B1CBB90890082BA6F /* Debug */,
				3DD1358C1CBB90890082BA6F /* Release */,
			);
			defaultConfigurationIsVisible = 0;
			defaultConfigurationName = Release;
		};
		3DD1358D1CBB90890082BA6F /* Build configuration list for PBXNativeTarget "LoginModule" */ = {
			isa = XCConfigurationList;
			buildConfigurations = (
				3DD1358E1CBB90890082BA6F /* Debug */,
				3DD1358F1CBB90890082BA6F /* Release */,
			);
			defaultConfigurationIsVisible = 0;
		};
/* End XCConfigurationList section */
	};
	rootObject = 3DD1356E1CBB90890082BA6F /* Project object */;
}
